
Microsoft Visual Studio Solution File, Format Version 12.00
# Visual Studio Version 17
VisualStudioVersion = 17.2.32526.322
MinimumVisualStudioVersion = 10.0.40219.1
Project("{9A19103F-16F7-4668-BE54-9A1E7A4F7556}") = "RetroGamesApi", "RetroGamesApi.csproj", "{9BA8728B-BA1A-40DB-BE62-D8907A1A53AB}"
EndProject
Global
	GlobalSection(SolutionConfigurationPlatforms) = preSolution
		Debug|Any CPU = Debug|Any CPU
		Release|Any CPU = Release|Any CPU
	EndGlobalSection
	GlobalSection(ProjectConfigurationPlatforms) = postSolution
		{9BA8728B-BA1A-40DB-BE62-D8907A1A53AB}.Debug|Any CPU.ActiveCfg = Debug|Any CPU
		{9BA8728B-BA1A-40DB-BE62-D8907A1A53AB}.Debug|Any CPU.Build.0 = Debug|Any CPU
		{9BA8728B-BA1A-40DB-BE62-D8907A1A53AB}.Release|Any CPU.ActiveCfg = Release|Any CPU
		{9BA8728B-BA1A-40DB-BE62-D8907A1A53AB}.Release|Any CPU.Build.0 = Release|Any CPU
	EndGlobalSection
	GlobalSection(SolutionProperties) = preSolution
		HideSolutionNode = FALSE
	EndGlobalSection
	GlobalSection(ExtensibilityGlobals) = postSolution
		SolutionGuid = {AC334E0C-F3F0-41B1-AF2B-2AE413B8CD60}
	EndGlobalSection
EndGlobal
